# This file is automatically @generated by Poetry 1.4.0 and should not be changed by hand.

[[package]]
name = "click"
version = "8.1.3"
description = "Composable command line interface toolkit"
category = "main"
optional = false
python-versions = ">=3.7"
files = [
    {file = "click-8.1.3-py3-none-any.whl", hash = "sha256:bb4d8133cb15a609f44e8213d9b391b0809795062913b383c62be0ee95b1db48"},
    {file = "click-8.1.3.tar.gz", hash = "sha256:7682dc8afb30297001674575ea00d1814d808d6a36af415a82bd481d37ba7b8e"},
]

[package.dependencies]
colorama = {version = "*", markers = "platform_system == \"Windows\""}

[[package]]
name = "colorama"
version = "0.4.6"
description = "Cross-platform colored terminal text."
category = "main"
optional = false
python-versions = "!=3.0.*,!=3.1.*,!=3.2.*,!=3.3.*,!=3.4.*,!=3.5.*,!=3.6.*,>=2.7"
files = [
    {file = "colorama-0.4.6-py2.py3-none-any.whl", hash = "sha256:4f1d9991f5acc0ca119f9d443620b77f9d6b33703e51011c16baf57afb285fc6"},
    {file = "colorama-0.4.6.tar.gz", hash = "sha256:08695f5cb7ed6e0531a20572697297273c47b8cae5a63ffc6d6ed5c201be6e44"},
]

[[package]]
name = "cstruct"
version = "5.2"
description = "C-style structs for Python"
category = "main"
optional = false
python-versions = ">=3.6"
files = [
    {file = "cstruct-5.2-py2.py3-none-any.whl", hash = "sha256:b2f7f0ce9dc5d3c638d544fb31a5dd0b6c155e75a7963d587bfcf872ee067ab2"},
    {file = "cstruct-5.2.tar.gz", hash = "sha256:88b2f02791926366dabc422c0caa17091373200f2e92140e6ef8225a93cd0e9c"},
]

[package.extras]
test = ["pytest"]

[[package]]
name = "lzokay"
version = "1.1.2"
description = "Python bindings for LZ👌, a LZO compression/decompression algorithm."
category = "main"
optional = false
python-versions = ">=3.7"
files = [
    {file = "lzokay-1.1.2-cp310-cp310-macosx_10_15_x86_64.whl", hash = "sha256:b75167395ca8e050ada483a69170fb038bc0769359f025247a03c1fb27e3639c"},
    {file = "lzokay-1.1.2-cp310-cp310-manylinux_2_5_x86_64.manylinux1_x86_64.manylinux_2_17_x86_64.manylinux2014_x86_64.whl", hash = "sha256:473b569784dcec8274d82b0c4f78aa93a5b37410fdf65434639584ff270f88c5"},
    {file = "lzokay-1.1.2-cp310-cp310-win_amd64.whl", hash = "sha256:b579d737f1e86a07f3c4bbba35e6c1639727386e0951d0607439a37cb145cc14"},
    {file = "lzokay-1.1.2-cp311-cp311-macosx_10_15_x86_64.whl", hash = "sha256:08680bec9af520793d8092982e731fea9b352699b5ae4f58f8cd040296644111"},
    {file = "lzokay-1.1.2-cp311-cp311-manylinux_2_5_x86_64.manylinux1_x86_64.manylinux_2_17_x86_64.manylinux2014_x86_64.whl", hash = "sha256:2d2c1b51eca78978205560bc8bd50a9aba5846c90b84fe6b625e351e145e9b42"},
    {file = "lzokay-1.1.2-cp311-cp311-win_amd64.whl", hash = "sha256:b492c3817650c8a3bb265e8e608dc0fcbc93b747180ee47a1d843f42a7300cbf"},
    {file = "lzokay-1.1.2-cp37-cp37m-macosx_10_15_x86_64.whl", hash = "sha256:82b3cb173172271bc7448ba6e53ce1c62316ffc9fd4002aa1ca27065bf83e4ed"},
    {file = "lzokay-1.1.2-cp37-cp37m-manylinux_2_5_x86_64.manylinux1_x86_64.manylinux_2_17_x86_64.manylinux2014_x86_64.whl", hash = "sha256:66012412173b3dd14581e28993a9db3d3ececaccbc118734d7d288faaa121b93"},
    {file = "lzokay-1.1.2-cp37-cp37m-win_amd64.whl", hash = "sha256:95cbd8f508c945e1c81171d6dc88a1dd945349862478bbd8059fc32c4b8fc247"},
    {file = "lzokay-1.1.2-cp38-cp38-macosx_10_15_x86_64.whl", hash = "sha256:2f269a0e4501549e8757cd720872942ba61176d4ee441f10156a520f39637d2c"},
    {file = "lzokay-1.1.2-cp38-cp38-manylinux_2_5_x86_64.manylinux1_x86_64.manylinux_2_17_x86_64.manylinux2014_x86_64.whl", hash = "sha256:6075b0f55acae9ed0799ca1d2c6f1bd82aad522d146f80fd2ac79683831f7bcf"},
    {file = "lzokay-1.1.2-cp38-cp38-win_amd64.whl", hash = "sha256:173b15f9e38bf1ff0f808c02bc80304eaa41470097d5b07b31ef12577f8f0579"},
    {file = "lzokay-1.1.2-cp39-cp39-macosx_10_15_x86_64.whl", hash = "sha256:fa1afb05dbeafe7add0613a9efd0e65bbbef1478c5132f2837bcfedf4ae4a495"},
    {file = "lzokay-1.1.2-cp39-cp39-manylinux_2_5_x86_64.manylinux1_x86_64.manylinux_2_17_x86_64.manylinux2014_x86_64.whl", hash = "sha256:d2567f0de446c35b16a10bb873b90bee3bcf4e4fb92e08cceccd15bc4c2a8ce4"},
    {file = "lzokay-1.1.2-cp39-cp39-win_amd64.whl", hash = "sha256:af6723421a7396799e5735b7e1e677d435d1eb22e08c6f9b93d31551b472e38a"},
    {file = "lzokay-1.1.2.tar.gz", hash = "sha256:469a4414b78c9a93f90b21cce612aef6f1ec7507bcf0942b33fed86ad668bde4"},
]

[metadata]
lock-version = "2.0"
python-versions = "^3.8"
content-hash = "964d9428db2c4c321377a165e646b135a73e8d12626f38c503b77e03093acc04"
